
Microsoft Visual Studio Solution File, Format Version 12.00
# Visual Studio Version 16
VisualStudioVersion = 16.0.31410.357
MinimumVisualStudioVersion = 10.0.40219.1
Project("{FAE04EC0-301F-11D3-BF4B-00C04F79EFBC}") = "XFTest.Android", "XFTest\XFTest.Android\XFTest.Android.csproj", "{B61FF0A9-0236-42EE-8915-BCF219EFA688}"
EndProject
Project("{FAE04EC0-301F-11D3-BF4B-00C04F79EFBC}") = "XFTest.iOS", "XFTest\XFTest.iOS\XFTest.iOS.csproj", "{A140D447-E270-4BAB-93BB-7B9452703AC3}"
EndProject
Project("{FAE04EC0-301F-11D3-BF4B-00C04F79EFBC}") = "XFTest", "XFTest\XFTest\XFTest.csproj", "{DF8E5334-7CC1-4D69-828E-280B38ACA009}"
EndProject
Global
	GlobalSection(SolutionConfigurationPlatforms) = preSolution
		Debug|Any CPU = Debug|Any CPU
		Debug|iPhone = Debug|iPhone
		Debug|iPhoneSimulator = Debug|iPhoneSimulator
		Release|Any CPU = Release|Any CPU
		Release|iPhone = Release|iPhone
		Release|iPhoneSimulator = Release|iPhoneSimulator
	EndGlobalSection
	GlobalSection(ProjectConfigurationPlatforms) = postSolution
		{B61FF0A9-0236-42EE-8915-BCF219EFA688}.Debug|Any CPU.ActiveCfg = Debug|Any CPU
		{B61FF0A9-0236-42EE-8915-BCF219EFA688}.Debug|Any CPU.Build.0 = Debug|Any CPU
		{B61FF0A9-0236-42EE-8915-BCF219EFA688}.Debug|Any CPU.Deploy.0 = Debug|Any CPU
		{B61FF0A9-0236-42EE-8915-BCF219EFA688}.Debug|iPhone.ActiveCfg = Debug|Any CPU
		{B61FF0A9-0236-42EE-8915-BCF219EFA688}.Debug|iPhone.Build.0 = Debug|Any CPU
		{B61FF0A9-0236-42EE-8915-BCF219EFA688}.Debug|iPhone.Deploy.0 = Debug|Any CPU
		{B61FF0A9-0236-42EE-8915-BCF219EFA688}.Debug|iPhoneSimulator.ActiveCfg = Debug|Any CPU
		{B61FF0A9-0236-42EE-8915-BCF219EFA688}.Debug|iPhoneSimulator.Build.0 = Debug|Any CPU
		{B61FF0A9-0236-42EE-8915-BCF219EFA688}.Debug|iPhoneSimulator.Deploy.0 = Debug|Any CPU
		{B61FF0A9-0236-42EE-8915-BCF219EFA688}.Release|Any CPU.ActiveCfg = Release|Any CPU
		{B61FF0A9-0236-42EE-8915-BCF219EFA688}.Release|Any CPU.Build.0 = Release|Any CPU
		{B61FF0A9-0236-42EE-8915-BCF219EFA688}.Release|Any CPU.Deploy.0 = Release|Any CPU
		{B61FF0A9-0236-42EE-8915-BCF219EFA688}.Release|iPhone.ActiveCfg = Release|Any CPU
		{B61FF0A9-0236-42EE-8915-BCF219EFA688}.Release|iPhone.Build.0 = Release|Any CPU
		{B61FF0A9-0236-42EE-8915-BCF219EFA688}.Release|iPhone.Deploy.0 = Release|Any CPU
		{B61FF0A9-0236-42EE-8915-BCF219EFA688}.Release|iPhoneSimulator.ActiveCfg = Release|Any CPU
		{B61FF0A9-0236-42EE-8915-BCF219EFA688}.Release|iPhoneSimulator.Build.0 = Release|Any CPU
		{B61FF0A9-0236-42EE-8915-BCF219EFA688}.Release|iPhoneSimulator.Deploy.0 = Release|Any CPU
		{A140D447-E270-4BAB-93BB-7B9452703AC3}.Debug|Any CPU.ActiveCfg = Debug|iPhone
		{A140D447-E270-4BAB-93BB-7B9452703AC3}.Debug|Any CPU.Build.0 = Debug|iPhone
		{A140D447-E270-4BAB-93BB-7B9452703AC3}.Debug|Any CPU.Deploy.0 = Debug|iPhone
		{A140D447-E270-4BAB-93BB-7B9452703AC3}.Debug|iPhone.ActiveCfg = Debug|iPhone
		{A140D447-E270-4BAB-93BB-7B9452703AC3}.Debug|iPhone.Build.0 = Debug|iPhone
		{A140D447-E270-4BAB-93BB-7B9452703AC3}.Debug|iPhone.Deploy.0 = Debug|iPhone
		{A140D447-E270-4BAB-93BB-7B9452703AC3}.Debug|iPhoneSimulator.ActiveCfg = Debug|iPhoneSimulator
		{A140D447-E270-4BAB-93BB-7B9452703AC3}.Debug|iPhoneSimulator.Build.0 = Debug|iPhoneSimulator
		{A140D447-E270-4BAB-93BB-7B9452703AC3}.Debug|iPhoneSimulator.Deploy.0 = Debug|iPhoneSimulator
		{A140D447-E270-4BAB-93BB-7B9452703AC3}.Release|Any CPU.ActiveCfg = Release|iPhoneSimulator
		{A140D447-E270-4BAB-93BB-7B9452703AC3}.Release|Any CPU.Build.0 = Release|iPhoneSimulator
		{A140D447-E270-4BAB-93BB-7B9452703AC3}.Release|Any CPU.Deploy.0 = Release|iPhoneSimulator
		{A140D447-E270-4BAB-93BB-7B9452703AC3}.Release|iPhone.ActiveCfg = Release|iPhone
		{A140D447-E270-4BAB-93BB-7B9452703AC3}.Release|iPhone.Build.0 = Release|iPhone
		{A140D447-E270-4BAB-93BB-7B9452703AC3}.Release|iPhone.Deploy.0 = Release|iPhone
		{A140D447-E270-4BAB-93BB-7B9452703AC3}.Release|iPhoneSimulator.ActiveCfg = Release|iPhoneSimulator
		{A140D447-E270-4BAB-93BB-7B9452703AC3}.Release|iPhoneSimulator.Build.0 = Release|iPhoneSimulator
		{A140D447-E270-4BAB-93BB-7B9452703AC3}.Release|iPhoneSimulator.Deploy.0 = Release|iPhoneSimulator
		{DF8E5334-7CC1-4D69-828E-280B38ACA009}.Debug|Any CPU.ActiveCfg = Debug|Any CPU
		{DF8E5334-7CC1-4D69-828E-280B38ACA009}.Debug|Any CPU.Build.0 = Debug|Any CPU
		{DF8E5334-7CC1-4D69-828E-280B38ACA009}.Debug|Any CPU.Deploy.0 = Debug|Any CPU
		{DF8E5334-7CC1-4D69-828E-280B38ACA009}.Debug|iPhone.ActiveCfg = Debug|Any CPU
		{DF8E5334-7CC1-4D69-828E-280B38ACA009}.Debug|iPhone.Build.0 = Debug|Any CPU
		{DF8E5334-7CC1-4D69-828E-280B38ACA009}.Debug|iPhone.Deploy.0 = Debug|Any CPU
		{DF8E5334-7CC1-4D69-828E-280B38ACA009}.Debug|iPhoneSimulator.ActiveCfg = Debug|Any CPU
		{DF8E5334-7CC1-4D69-828E-280B38ACA009}.Debug|iPhoneSimulator.Build.0 = Debug|Any CPU
		{DF8E5334-7CC1-4D69-828E-280B38ACA009}.Debug|iPhoneSimulator.Deploy.0 = Debug|Any CPU
		{DF8E5334-7CC1-4D69-828E-280B38ACA009}.Release|Any CPU.ActiveCfg = Release|Any CPU
		{DF8E5334-7CC1-4D69-828E-280B38ACA009}.Release|Any CPU.Build.0 = Release|Any CPU
		{DF8E5334-7CC1-4D69-828E-280B38ACA009}.Release|Any CPU.Deploy.0 = Release|Any CPU
		{DF8E5334-7CC1-4D69-828E-280B38ACA009}.Release|iPhone.ActiveCfg = Release|Any CPU
		{DF8E5334-7CC1-4D69-828E-280B38ACA009}.Release|iPhone.Build.0 = Release|Any CPU
		{DF8E5334-7CC1-4D69-828E-280B38ACA009}.Release|iPhone.Deploy.0 = Release|Any CPU
		{DF8E5334-7CC1-4D69-828E-280B38ACA009}.Release|iPhoneSimulator.ActiveCfg = Release|Any CPU
		{DF8E5334-7CC1-4D69-828E-280B38ACA009}.Release|iPhoneSimulator.Build.0 = Release|Any CPU
		{DF8E5334-7CC1-4D69-828E-280B38ACA009}.Release|iPhoneSimulator.Deploy.0 = Release|Any CPU
	EndGlobalSection
	GlobalSection(SolutionProperties) = preSolution
		HideSolutionNode = FALSE
	EndGlobalSection
	GlobalSection(ExtensibilityGlobals) = postSolution
		SolutionGuid = {8084BA84-B5E5-46F7-A1BF-C6DA67984B75}
	EndGlobalSection
EndGlobal
